{
  "nodes": {
    "nixpkgs": {
      "locked": {
        "lastModified": 1635280654,
        "narHash": "sha256-n0DKD1rG4gLZx6vDnalrQ5obZA9Y7uaOShTDSaOWGhM=",
        "owner": "NixOS",
        "repo": "nixpkgs",
        "rev": "5ebb1dca9bb056649cbd023f953c0c4e7970bb72",
        "type": "github"
      },
      "original": {
        "owner": "NixOS",
        "ref": "nixos-21.05",
        "repo": "nixpkgs",
        "type": "github"
      }
    },
    "nixpkgs_2": {
      "locked": {
        "lastModified": 1634661806,
        "narHash": "sha256-fBuR7EZ67UOdNt3gEwhoyWJ6zJtXh4kuupIALRcx/7I=",
        "owner": "NixOS",
        "repo": "nixpkgs",
        "rev": "8fe3b97ef4527ac88d03ea33e0789f3512e01adc",
        "type": "github"
      },
      "original": {
        "owner": "NixOS",
        "ref": "nixos-21.05",
        "repo": "nixpkgs",
        "type": "github"
      }
    },
    "rgrunbla-pkgs": {
      "inputs": {
        "nixpkgs": "nixpkgs_2"
      },
      "locked": {
        "lastModified": 1634741945,
        "narHash": "sha256-MBjHXl+Ll3yiTskmrxk1a9BRiiR0mqiYF0pnd8yO08U=",
        "owner": "rgrunbla",
        "repo": "Flakes",
        "rev": "c3710de959496113bd23d724a98314f7ba2136cf",
        "type": "github"
      },
      "original": {
        "owner": "rgrunbla",
        "repo": "Flakes",
        "type": "github"
      }
    },
    "root": {
      "inputs": {
        "nixpkgs": "nixpkgs",
        "rgrunbla-pkgs": "rgrunbla-pkgs"
      }
    }
  },
  "root": "root",
  "version": 7
}
